
Microsoft Visual Studio Solution File, Format Version 12.00
Project("{FAE04EC0-301F-11D3-BF4B-00C04F79EFBC}") = "IFramework.Core", "IFramework.Core\IFramework.Core.csproj", "{4760C220-C391-4C19-A77C-ACE81E0E2D59}"
EndProject
Project("{FAE04EC0-301F-11D3-BF4B-00C04F79EFBC}") = "IFramework.Engine", "IFramework.Engine\IFramework.Engine.csproj", "{A8650EEF-5D6F-456F-AD75-1026ABE0132A}"
EndProject
Project("{FAE04EC0-301F-11D3-BF4B-00C04F79EFBC}") = "IFramework.Editor", "IFramework.Editor\IFramework.Editor.csproj", "{5FB4101F-49A1-4E62-862C-E6B521C6BFA3}"
EndProject
Project("{FAE04EC0-301F-11D3-BF4B-00C04F79EFBC}") = "IFramework.Test", "IFramework.Test\IFramework.Test.csproj", "{D8AEF5C3-B27F-408B-9BEA-8E4241564DE9}"
EndProject
Global
	GlobalSection(SolutionConfigurationPlatforms) = preSolution
		Debug|Any CPU = Debug|Any CPU
		Release|Any CPU = Release|Any CPU
	EndGlobalSection
	GlobalSection(ProjectConfigurationPlatforms) = postSolution
		{4760C220-C391-4C19-A77C-ACE81E0E2D59}.Debug|Any CPU.ActiveCfg = Debug|Any CPU
		{4760C220-C391-4C19-A77C-ACE81E0E2D59}.Debug|Any CPU.Build.0 = Debug|Any CPU
		{4760C220-C391-4C19-A77C-ACE81E0E2D59}.Release|Any CPU.ActiveCfg = Release|Any CPU
		{4760C220-C391-4C19-A77C-ACE81E0E2D59}.Release|Any CPU.Build.0 = Release|Any CPU
		{A8650EEF-5D6F-456F-AD75-1026ABE0132A}.Debug|Any CPU.ActiveCfg = Debug|Any CPU
		{A8650EEF-5D6F-456F-AD75-1026ABE0132A}.Debug|Any CPU.Build.0 = Debug|Any CPU
		{A8650EEF-5D6F-456F-AD75-1026ABE0132A}.Release|Any CPU.ActiveCfg = Release|Any CPU
		{A8650EEF-5D6F-456F-AD75-1026ABE0132A}.Release|Any CPU.Build.0 = Release|Any CPU
		{5FB4101F-49A1-4E62-862C-E6B521C6BFA3}.Debug|Any CPU.ActiveCfg = Debug|Any CPU
		{5FB4101F-49A1-4E62-862C-E6B521C6BFA3}.Debug|Any CPU.Build.0 = Debug|Any CPU
		{5FB4101F-49A1-4E62-862C-E6B521C6BFA3}.Release|Any CPU.ActiveCfg = Release|Any CPU
		{5FB4101F-49A1-4E62-862C-E6B521C6BFA3}.Release|Any CPU.Build.0 = Release|Any CPU
		{D8AEF5C3-B27F-408B-9BEA-8E4241564DE9}.Debug|Any CPU.ActiveCfg = Debug|Any CPU
		{D8AEF5C3-B27F-408B-9BEA-8E4241564DE9}.Debug|Any CPU.Build.0 = Debug|Any CPU
		{D8AEF5C3-B27F-408B-9BEA-8E4241564DE9}.Release|Any CPU.ActiveCfg = Release|Any CPU
		{D8AEF5C3-B27F-408B-9BEA-8E4241564DE9}.Release|Any CPU.Build.0 = Release|Any CPU
	EndGlobalSection
EndGlobal
